
Microsoft Visual Studio Solution File, Format Version 12.00
# Visual Studio Version 16
VisualStudioVersion = 16.0.34031.81
MinimumVisualStudioVersion = 10.0.40219.1
Project("{2150E333-8FDC-42A3-9474-1A3956D46DE8}") = "Task0", "Task0", "{5046BAA0-C116-4E66-B8B5-D9B90DEDAF75}"
EndProject
Project("{FAE04EC0-301F-11D3-BF4B-00C04F79EFBC}") = "Tyuiu.ShustovTS.Sprint3.Task0.V3", "Tyuiu.ShustovTS.Sprint3.Task0.V3\Tyuiu.ShustovTS.Sprint3.Task0.V3.csproj", "{238FE4B1-C608-4867-9D9B-E2395B32A530}"
EndProject
Project("{FAE04EC0-301F-11D3-BF4B-00C04F79EFBC}") = "Tyuiu.ShustovTS.Sprint3.Task0.V3.Lib", "Tyuiu.ShustovTS.Sprint3.Task0.V3.Lib\Tyuiu.ShustovTS.Sprint3.Task0.V3.Lib.csproj", "{1D395D66-E303-448F-862C-5A221E6425EA}"
EndProject
Project("{FAE04EC0-301F-11D3-BF4B-00C04F79EFBC}") = "Tyuiu.ShustovTS.Sprint3.Task0.V3.Test", "Tyuiu.ShustovTS.Sprint3.Task0.V3.Test\Tyuiu.ShustovTS.Sprint3.Task0.V3.Test.csproj", "{EE9E5463-BDBD-43E9-9EFD-DE9329B0A5EC}"
EndProject
Project("{2150E333-8FDC-42A3-9474-1A3956D46DE8}") = "Task1", "Task1", "{D5BB3905-AE22-41EC-870C-89CE93B1C6AF}"
EndProject
Project("{FAE04EC0-301F-11D3-BF4B-00C04F79EFBC}") = "Tyuiu.ShustovTS.Sprint3.Task1.V24", "Tyuiu.ShustovTS.Sprint3.Task1.V24\Tyuiu.ShustovTS.Sprint3.Task1.V24.csproj", "{0A7B5DF0-46FA-42C2-A4B9-F5FEE68450AB}"
EndProject
Project("{FAE04EC0-301F-11D3-BF4B-00C04F79EFBC}") = "Tyuiu.ShustovTS.Sprint3.Task1.V24.Lib", "Tyuiu.ShustovTS.Sprint3.Task1.V24.Lib\Tyuiu.ShustovTS.Sprint3.Task1.V24.Lib.csproj", "{AD6B1E0A-0254-4181-8478-47FC182AB692}"
EndProject
Project("{FAE04EC0-301F-11D3-BF4B-00C04F79EFBC}") = "Tyuiu.ShustovTS.Sprint3.Task1.V24.Test", "Tyuiu.ShustovTS.Sprint3.Task1.V24.Test\Tyuiu.ShustovTS.Sprint3.Task1.V24.Test.csproj", "{CA435E42-2A0B-4E20-AEE4-F82D529546EA}"
EndProject
Project("{2150E333-8FDC-42A3-9474-1A3956D46DE8}") = "Task2", "Task2", "{E24D1BE8-78BA-484B-AC37-B8036DD097EA}"
EndProject
Project("{FAE04EC0-301F-11D3-BF4B-00C04F79EFBC}") = "Tyuiu.ShustovTS.Sprint3.Task2.V25", "Tyuiu.ShustovTS.Sprint3.Task2.V25\Tyuiu.ShustovTS.Sprint3.Task2.V25.csproj", "{463855CC-9F84-4B91-AF98-E5EB9BE97239}"
EndProject
Project("{FAE04EC0-301F-11D3-BF4B-00C04F79EFBC}") = "Tyuiu.ShustovTS.Sprint3.Task2.V25.Lib", "Tyuiu.ShustovTS.Sprint3.Task2.V25.Lib\Tyuiu.ShustovTS.Sprint3.Task2.V25.Lib.csproj", "{80012F76-6937-4D62-AA08-271C80BB5D53}"
EndProject
Project("{FAE04EC0-301F-11D3-BF4B-00C04F79EFBC}") = "Tyuiu.ShustovTS.Sprint3.Task2.V25.Test", "Tyuiu.ShustovTS.Sprint3.Task2.V25.Test\Tyuiu.ShustovTS.Sprint3.Task2.V25.Test.csproj", "{77E9EA6C-C583-447E-A3D7-C1F6CE68FA98}"
EndProject
Project("{2150E333-8FDC-42A3-9474-1A3956D46DE8}") = "Task3", "Task3", "{EB25561B-82E5-4015-9B53-42072FF1878B}"
EndProject
Project("{FAE04EC0-301F-11D3-BF4B-00C04F79EFBC}") = "Tyuiu.ShustovTS.Sprint3.Task3.V7", "Tyuiu.ShustovTS.Sprint3.Task3.V7\Tyuiu.ShustovTS.Sprint3.Task3.V7.csproj", "{3583E335-5D26-426F-8284-4DBBCF16F7CB}"
EndProject
Project("{FAE04EC0-301F-11D3-BF4B-00C04F79EFBC}") = "Tyuiu.ShustovTS.Sprint3.Task3.V7.Lib", "Tyuiu.ShustovTS.Sprint3.Task3.V7.Lib\Tyuiu.ShustovTS.Sprint3.Task3.V7.Lib.csproj", "{1C7618FB-4CD1-4BA0-AC0B-0EDA80837065}"
EndProject
Project("{FAE04EC0-301F-11D3-BF4B-00C04F79EFBC}") = "Tyuiu.ShustovTS.Sprint3.Task3.V7.Test", "Tyuiu.ShustovTS.Sprint3.Task3.V7.Test\Tyuiu.ShustovTS.Sprint3.Task3.V7.Test.csproj", "{9DF9CA59-2A42-4A32-8052-AB399EC28320}"
EndProject
Project("{2150E333-8FDC-42A3-9474-1A3956D46DE8}") = "Task4", "Task4", "{2EA4EC20-D813-4CDE-9044-AAE5BB517CD8}"
EndProject
Project("{FAE04EC0-301F-11D3-BF4B-00C04F79EFBC}") = "Tyuiu.ShustovTS.Sprint3.Task4.V11", "Tyuiu.ShustovTS.Sprint3.Task4.V11\Tyuiu.ShustovTS.Sprint3.Task4.V11.csproj", "{A68AD358-2DAC-477C-92BB-A8E928B8C678}"
EndProject
Project("{FAE04EC0-301F-11D3-BF4B-00C04F79EFBC}") = "Tyuiu.ShustovTS.Sprint3.Task4.V11.Lib", "Tyuiu.ShustovTS.Sprint3.Task4.V11.Lib\Tyuiu.ShustovTS.Sprint3.Task4.V11.Lib.csproj", "{34155025-39FF-420F-96B3-5F7B70B66277}"
EndProject
Project("{FAE04EC0-301F-11D3-BF4B-00C04F79EFBC}") = "Tyuiu.ShustovTS.Sprint3.Task4.V11.Test", "Tyuiu.ShustovTS.Sprint3.Task4.V11.Test\Tyuiu.ShustovTS.Sprint3.Task4.V11.Test.csproj", "{5A9C0623-56BD-4D0E-AA34-46EB60FE74D7}"
EndProject
Project("{2150E333-8FDC-42A3-9474-1A3956D46DE8}") = "Task5", "Task5", "{2649B2CE-CAEB-4ED8-897F-7D344FE98B52}"
EndProject
Project("{FAE04EC0-301F-11D3-BF4B-00C04F79EFBC}") = "Tyuiu.ShustovTS.Sprint3.Task5.V6", "Tyuiu.ShustovTS.Sprint3.Task5.V6\Tyuiu.ShustovTS.Sprint3.Task5.V6.csproj", "{9627BFAD-8A74-492B-AAF7-FECD1EF9F966}"
EndProject
Project("{FAE04EC0-301F-11D3-BF4B-00C04F79EFBC}") = "Tyuiu.ShustovTS.Sprint3.Task5.V6.Lib", "Tyuiu.ShustovTS.Sprint3.Task5.V6.Lib\Tyuiu.ShustovTS.Sprint3.Task5.V6.Lib.csproj", "{7881ACC6-0C57-412D-9FF0-A29AE18AA0CD}"
EndProject
Project("{FAE04EC0-301F-11D3-BF4B-00C04F79EFBC}") = "Tyuiu.ShustovTS.Sprint3.Task5.V6.Test", "Tyuiu.ShustovTS.Sprint3.Task5.V6.Test\Tyuiu.ShustovTS.Sprint3.Task5.V6.Test.csproj", "{389900D0-7879-4E38-93E5-2FC327FAC201}"
EndProject
Project("{2150E333-8FDC-42A3-9474-1A3956D46DE8}") = "Task6", "Task6", "{DA2EE2D7-C77F-4A10-8969-3A892F83D52B}"
EndProject
Project("{FAE04EC0-301F-11D3-BF4B-00C04F79EFBC}") = "Tyuiu.ShustovTS.Sprint3.Task6.V26", "Tyuiu.ShustovTS.Sprint3.Task6.V26\Tyuiu.ShustovTS.Sprint3.Task6.V26.csproj", "{89FCF16A-01FC-4B76-B094-B1932D412A21}"
EndProject
Project("{FAE04EC0-301F-11D3-BF4B-00C04F79EFBC}") = "Tyuiu.ShustovTS.Sprint3.Task6.V26.Lib", "Tyuiu.ShustovTS.Sprint3.Task6.V26.Lib\Tyuiu.ShustovTS.Sprint3.Task6.V26.Lib.csproj", "{82D8CFFC-F82C-4D3C-AB1A-E773C3B225F1}"
EndProject
Project("{FAE04EC0-301F-11D3-BF4B-00C04F79EFBC}") = "Tyuiu.ShustovTS.Sprint3.Task6.V26.Test", "Tyuiu.ShustovTS.Sprint3.Task6.V26.Test\Tyuiu.ShustovTS.Sprint3.Task6.V26.Test.csproj", "{BD8F2041-0BF6-4FE3-9181-BFA9A0A008F1}"
EndProject
Project("{2150E333-8FDC-42A3-9474-1A3956D46DE8}") = "Task7", "Task7", "{08A04DB9-F29E-4252-AE8B-01A546300252}"
EndProject
Project("{FAE04EC0-301F-11D3-BF4B-00C04F79EFBC}") = "Tyuiu.ShustovTS.Sprint3.Task7.V30", "Tyuiu.ShustovTS.Sprint3.Task7.V30\Tyuiu.ShustovTS.Sprint3.Task7.V30.csproj", "{F319402E-500C-4139-89CA-A947F712E065}"
EndProject
Project("{FAE04EC0-301F-11D3-BF4B-00C04F79EFBC}") = "Tyuiu.ShustovTS.Sprint3.Task7.V30.Lib", "Tyuiu.ShustovTS.Sprint3.Task7.V30.Lib\Tyuiu.ShustovTS.Sprint3.Task7.V30.Lib.csproj", "{458085F2-0BAB-4FAC-A528-AF2EA8D3524A}"
EndProject
Project("{FAE04EC0-301F-11D3-BF4B-00C04F79EFBC}") = "Tyuiu.ShustovTS.Sprint3.Task7.V30.Test", "Tyuiu.ShustovTS.Sprint3.Task7.V30.Test\Tyuiu.ShustovTS.Sprint3.Task7.V30.Test.csproj", "{E8B83CEB-CAC7-455C-9CD4-00C20616708C}"
EndProject
Global
	GlobalSection(SolutionConfigurationPlatforms) = preSolution
		Debug|Any CPU = Debug|Any CPU
		Release|Any CPU = Release|Any CPU
	EndGlobalSection
	GlobalSection(ProjectConfigurationPlatforms) = postSolution
		{238FE4B1-C608-4867-9D9B-E2395B32A530}.Debug|Any CPU.ActiveCfg = Debug|Any CPU
		{238FE4B1-C608-4867-9D9B-E2395B32A530}.Debug|Any CPU.Build.0 = Debug|Any CPU
		{238FE4B1-C608-4867-9D9B-E2395B32A530}.Release|Any CPU.ActiveCfg = Release|Any CPU
		{238FE4B1-C608-4867-9D9B-E2395B32A530}.Release|Any CPU.Build.0 = Release|Any CPU
		{1D395D66-E303-448F-862C-5A221E6425EA}.Debug|Any CPU.ActiveCfg = Debug|Any CPU
		{1D395D66-E303-448F-862C-5A221E6425EA}.Debug|Any CPU.Build.0 = Debug|Any CPU
		{1D395D66-E303-448F-862C-5A221E6425EA}.Release|Any CPU.ActiveCfg = Release|Any CPU
		{1D395D66-E303-448F-862C-5A221E6425EA}.Release|Any CPU.Build.0 = Release|Any CPU
		{EE9E5463-BDBD-43E9-9EFD-DE9329B0A5EC}.Debug|Any CPU.ActiveCfg = Debug|Any CPU
		{EE9E5463-BDBD-43E9-9EFD-DE9329B0A5EC}.Debug|Any CPU.Build.0 = Debug|Any CPU
		{EE9E5463-BDBD-43E9-9EFD-DE9329B0A5EC}.Release|Any CPU.ActiveCfg = Release|Any CPU
		{EE9E5463-BDBD-43E9-9EFD-DE9329B0A5EC}.Release|Any CPU.Build.0 = Release|Any CPU
		{0A7B5DF0-46FA-42C2-A4B9-F5FEE68450AB}.Debug|Any CPU.ActiveCfg = Debug|Any CPU
		{0A7B5DF0-46FA-42C2-A4B9-F5FEE68450AB}.Debug|Any CPU.Build.0 = Debug|Any CPU
		{0A7B5DF0-46FA-42C2-A4B9-F5FEE68450AB}.Release|Any CPU.ActiveCfg = Release|Any CPU
		{0A7B5DF0-46FA-42C2-A4B9-F5FEE68450AB}.Release|Any CPU.Build.0 = Release|Any CPU
		{AD6B1E0A-0254-4181-8478-47FC182AB692}.Debug|Any CPU.ActiveCfg = Debug|Any CPU
		{AD6B1E0A-0254-4181-8478-47FC182AB692}.Debug|Any CPU.Build.0 = Debug|Any CPU
		{AD6B1E0A-0254-4181-8478-47FC182AB692}.Release|Any CPU.ActiveCfg = Release|Any CPU
		{AD6B1E0A-0254-4181-8478-47FC182AB692}.Release|Any CPU.Build.0 = Release|Any CPU
		{CA435E42-2A0B-4E20-AEE4-F82D529546EA}.Debug|Any CPU.ActiveCfg = Debug|Any CPU
		{CA435E42-2A0B-4E20-AEE4-F82D529546EA}.Debug|Any CPU.Build.0 = Debug|Any CPU
		{CA435E42-2A0B-4E20-AEE4-F82D529546EA}.Release|Any CPU.ActiveCfg = Release|Any CPU
		{CA435E42-2A0B-4E20-AEE4-F82D529546EA}.Release|Any CPU.Build.0 = Release|Any CPU
		{463855CC-9F84-4B91-AF98-E5EB9BE97239}.Debug|Any CPU.ActiveCfg = Debug|Any CPU
		{463855CC-9F84-4B91-AF98-E5EB9BE97239}.Debug|Any CPU.Build.0 = Debug|Any CPU
		{463855CC-9F84-4B91-AF98-E5EB9BE97239}.Release|Any CPU.ActiveCfg = Release|Any CPU
		{463855CC-9F84-4B91-AF98-E5EB9BE97239}.Release|Any CPU.Build.0 = Release|Any CPU
		{80012F76-6937-4D62-AA08-271C80BB5D53}.Debug|Any CPU.ActiveCfg = Debug|Any CPU
		{80012F76-6937-4D62-AA08-271C80BB5D53}.Debug|Any CPU.Build.0 = Debug|Any CPU
		{80012F76-6937-4D62-AA08-271C80BB5D53}.Release|Any CPU.ActiveCfg = Release|Any CPU
		{80012F76-6937-4D62-AA08-271C80BB5D53}.Release|Any CPU.Build.0 = Release|Any CPU
		{77E9EA6C-C583-447E-A3D7-C1F6CE68FA98}.Debug|Any CPU.ActiveCfg = Debug|Any CPU
		{77E9EA6C-C583-447E-A3D7-C1F6CE68FA98}.Debug|Any CPU.Build.0 = Debug|Any CPU
		{77E9EA6C-C583-447E-A3D7-C1F6CE68FA98}.Release|Any CPU.ActiveCfg = Release|Any CPU
		{77E9EA6C-C583-447E-A3D7-C1F6CE68FA98}.Release|Any CPU.Build.0 = Release|Any CPU
		{3583E335-5D26-426F-8284-4DBBCF16F7CB}.Debug|Any CPU.ActiveCfg = Debug|Any CPU
		{3583E335-5D26-426F-8284-4DBBCF16F7CB}.Debug|Any CPU.Build.0 = Debug|Any CPU
		{3583E335-5D26-426F-8284-4DBBCF16F7CB}.Release|Any CPU.ActiveCfg = Release|Any CPU
		{3583E335-5D26-426F-8284-4DBBCF16F7CB}.Release|Any CPU.Build.0 = Release|Any CPU
		{1C7618FB-4CD1-4BA0-AC0B-0EDA80837065}.Debug|Any CPU.ActiveCfg = Debug|Any CPU
		{1C7618FB-4CD1-4BA0-AC0B-0EDA80837065}.Debug|Any CPU.Build.0 = Debug|Any CPU
		{1C7618FB-4CD1-4BA0-AC0B-0EDA80837065}.Release|Any CPU.ActiveCfg = Release|Any CPU
		{1C7618FB-4CD1-4BA0-AC0B-0EDA80837065}.Release|Any CPU.Build.0 = Release|Any CPU
		{9DF9CA59-2A42-4A32-8052-AB399EC28320}.Debug|Any CPU.ActiveCfg = Debug|Any CPU
		{9DF9CA59-2A42-4A32-8052-AB399EC28320}.Debug|Any CPU.Build.0 = Debug|Any CPU
		{9DF9CA59-2A42-4A32-8052-AB399EC28320}.Release|Any CPU.ActiveCfg = Release|Any CPU
		{9DF9CA59-2A42-4A32-8052-AB399EC28320}.Release|Any CPU.Build.0 = Release|Any CPU
		{A68AD358-2DAC-477C-92BB-A8E928B8C678}.Debug|Any CPU.ActiveCfg = Debug|Any CPU
		{A68AD358-2DAC-477C-92BB-A8E928B8C678}.Debug|Any CPU.Build.0 = Debug|Any CPU
		{A68AD358-2DAC-477C-92BB-A8E928B8C678}.Release|Any CPU.ActiveCfg = Release|Any CPU
		{A68AD358-2DAC-477C-92BB-A8E928B8C678}.Release|Any CPU.Build.0 = Release|Any CPU
		{34155025-39FF-420F-96B3-5F7B70B66277}.Debug|Any CPU.ActiveCfg = Debug|Any CPU
		{34155025-39FF-420F-96B3-5F7B70B66277}.Debug|Any CPU.Build.0 = Debug|Any CPU
		{34155025-39FF-420F-96B3-5F7B70B66277}.Release|Any CPU.ActiveCfg = Release|Any CPU
		{34155025-39FF-420F-96B3-5F7B70B66277}.Release|Any CPU.Build.0 = Release|Any CPU
		{5A9C0623-56BD-4D0E-AA34-46EB60FE74D7}.Debug|Any CPU.ActiveCfg = Debug|Any CPU
		{5A9C0623-56BD-4D0E-AA34-46EB60FE74D7}.Debug|Any CPU.Build.0 = Debug|Any CPU
		{5A9C0623-56BD-4D0E-AA34-46EB60FE74D7}.Release|Any CPU.ActiveCfg = Release|Any CPU
		{5A9C0623-56BD-4D0E-AA34-46EB60FE74D7}.Release|Any CPU.Build.0 = Release|Any CPU
		{9627BFAD-8A74-492B-AAF7-FECD1EF9F966}.Debug|Any CPU.ActiveCfg = Debug|Any CPU
		{9627BFAD-8A74-492B-AAF7-FECD1EF9F966}.Debug|Any CPU.Build.0 = Debug|Any CPU
		{9627BFAD-8A74-492B-AAF7-FECD1EF9F966}.Release|Any CPU.ActiveCfg = Release|Any CPU
		{9627BFAD-8A74-492B-AAF7-FECD1EF9F966}.Release|Any CPU.Build.0 = Release|Any CPU
		{7881ACC6-0C57-412D-9FF0-A29AE18AA0CD}.Debug|Any CPU.ActiveCfg = Debug|Any CPU
		{7881ACC6-0C57-412D-9FF0-A29AE18AA0CD}.Debug|Any CPU.Build.0 = Debug|Any CPU
		{7881ACC6-0C57-412D-9FF0-A29AE18AA0CD}.Release|Any CPU.ActiveCfg = Release|Any CPU
		{7881ACC6-0C57-412D-9FF0-A29AE18AA0CD}.Release|Any CPU.Build.0 = Release|Any CPU
		{389900D0-7879-4E38-93E5-2FC327FAC201}.Debug|Any CPU.ActiveCfg = Debug|Any CPU
		{389900D0-7879-4E38-93E5-2FC327FAC201}.Debug|Any CPU.Build.0 = Debug|Any CPU
		{389900D0-7879-4E38-93E5-2FC327FAC201}.Release|Any CPU.ActiveCfg = Release|Any CPU
		{389900D0-7879-4E38-93E5-2FC327FAC201}.Release|Any CPU.Build.0 = Release|Any CPU
		{89FCF16A-01FC-4B76-B094-B1932D412A21}.Debug|Any CPU.ActiveCfg = Debug|Any CPU
		{89FCF16A-01FC-4B76-B094-B1932D412A21}.Debug|Any CPU.Build.0 = Debug|Any CPU
		{89FCF16A-01FC-4B76-B094-B1932D412A21}.Release|Any CPU.ActiveCfg = Release|Any CPU
		{89FCF16A-01FC-4B76-B094-B1932D412A21}.Release|Any CPU.Build.0 = Release|Any CPU
		{82D8CFFC-F82C-4D3C-AB1A-E773C3B225F1}.Debug|Any CPU.ActiveCfg = Debug|Any CPU
		{82D8CFFC-F82C-4D3C-AB1A-E773C3B225F1}.Debug|Any CPU.Build.0 = Debug|Any CPU
		{82D8CFFC-F82C-4D3C-AB1A-E773C3B225F1}.Release|Any CPU.ActiveCfg = Release|Any CPU
		{82D8CFFC-F82C-4D3C-AB1A-E773C3B225F1}.Release|Any CPU.Build.0 = Release|Any CPU
		{BD8F2041-0BF6-4FE3-9181-BFA9A0A008F1}.Debug|Any CPU.ActiveCfg = Debug|Any CPU
		{BD8F2041-0BF6-4FE3-9181-BFA9A0A008F1}.Debug|Any CPU.Build.0 = Debug|Any CPU
		{BD8F2041-0BF6-4FE3-9181-BFA9A0A008F1}.Release|Any CPU.ActiveCfg = Release|Any CPU
		{BD8F2041-0BF6-4FE3-9181-BFA9A0A008F1}.Release|Any CPU.Build.0 = Release|Any CPU
		{F319402E-500C-4139-89CA-A947F712E065}.Debug|Any CPU.ActiveCfg = Debug|Any CPU
		{F319402E-500C-4139-89CA-A947F712E065}.Debug|Any CPU.Build.0 = Debug|Any CPU
		{F319402E-500C-4139-89CA-A947F712E065}.Release|Any CPU.ActiveCfg = Release|Any CPU
		{F319402E-500C-4139-89CA-A947F712E065}.Release|Any CPU.Build.0 = Release|Any CPU
		{458085F2-0BAB-4FAC-A528-AF2EA8D3524A}.Debug|Any CPU.ActiveCfg = Debug|Any CPU
		{458085F2-0BAB-4FAC-A528-AF2EA8D3524A}.Debug|Any CPU.Build.0 = Debug|Any CPU
		{458085F2-0BAB-4FAC-A528-AF2EA8D3524A}.Release|Any CPU.ActiveCfg = Release|Any CPU
		{458085F2-0BAB-4FAC-A528-AF2EA8D3524A}.Release|Any CPU.Build.0 = Release|Any CPU
		{E8B83CEB-CAC7-455C-9CD4-00C20616708C}.Debug|Any CPU.ActiveCfg = Debug|Any CPU
		{E8B83CEB-CAC7-455C-9CD4-00C20616708C}.Debug|Any CPU.Build.0 = Debug|Any CPU
		{E8B83CEB-CAC7-455C-9CD4-00C20616708C}.Release|Any CPU.ActiveCfg = Release|Any CPU
		{E8B83CEB-CAC7-455C-9CD4-00C20616708C}.Release|Any CPU.Build.0 = Release|Any CPU
	EndGlobalSection
	GlobalSection(SolutionProperties) = preSolution
		HideSolutionNode = FALSE
	EndGlobalSection
	GlobalSection(NestedProjects) = preSolution
		{238FE4B1-C608-4867-9D9B-E2395B32A530} = {5046BAA0-C116-4E66-B8B5-D9B90DEDAF75}
		{1D395D66-E303-448F-862C-5A221E6425EA} = {5046BAA0-C116-4E66-B8B5-D9B90DEDAF75}
		{EE9E5463-BDBD-43E9-9EFD-DE9329B0A5EC} = {5046BAA0-C116-4E66-B8B5-D9B90DEDAF75}
		{0A7B5DF0-46FA-42C2-A4B9-F5FEE68450AB} = {D5BB3905-AE22-41EC-870C-89CE93B1C6AF}
		{AD6B1E0A-0254-4181-8478-47FC182AB692} = {D5BB3905-AE22-41EC-870C-89CE93B1C6AF}
		{CA435E42-2A0B-4E20-AEE4-F82D529546EA} = {D5BB3905-AE22-41EC-870C-89CE93B1C6AF}
		{463855CC-9F84-4B91-AF98-E5EB9BE97239} = {E24D1BE8-78BA-484B-AC37-B8036DD097EA}
		{80012F76-6937-4D62-AA08-271C80BB5D53} = {E24D1BE8-78BA-484B-AC37-B8036DD097EA}
		{77E9EA6C-C583-447E-A3D7-C1F6CE68FA98} = {E24D1BE8-78BA-484B-AC37-B8036DD097EA}
		{3583E335-5D26-426F-8284-4DBBCF16F7CB} = {EB25561B-82E5-4015-9B53-42072FF1878B}
		{1C7618FB-4CD1-4BA0-AC0B-0EDA80837065} = {EB25561B-82E5-4015-9B53-42072FF1878B}
		{9DF9CA59-2A42-4A32-8052-AB399EC28320} = {EB25561B-82E5-4015-9B53-42072FF1878B}
		{A68AD358-2DAC-477C-92BB-A8E928B8C678} = {2EA4EC20-D813-4CDE-9044-AAE5BB517CD8}
		{34155025-39FF-420F-96B3-5F7B70B66277} = {2EA4EC20-D813-4CDE-9044-AAE5BB517CD8}
		{5A9C0623-56BD-4D0E-AA34-46EB60FE74D7} = {2EA4EC20-D813-4CDE-9044-AAE5BB517CD8}
		{9627BFAD-8A74-492B-AAF7-FECD1EF9F966} = {2649B2CE-CAEB-4ED8-897F-7D344FE98B52}
		{7881ACC6-0C57-412D-9FF0-A29AE18AA0CD} = {2649B2CE-CAEB-4ED8-897F-7D344FE98B52}
		{389900D0-7879-4E38-93E5-2FC327FAC201} = {2649B2CE-CAEB-4ED8-897F-7D344FE98B52}
		{89FCF16A-01FC-4B76-B094-B1932D412A21} = {DA2EE2D7-C77F-4A10-8969-3A892F83D52B}
		{82D8CFFC-F82C-4D3C-AB1A-E773C3B225F1} = {DA2EE2D7-C77F-4A10-8969-3A892F83D52B}
		{BD8F2041-0BF6-4FE3-9181-BFA9A0A008F1} = {DA2EE2D7-C77F-4A10-8969-3A892F83D52B}
		{F319402E-500C-4139-89CA-A947F712E065} = {08A04DB9-F29E-4252-AE8B-01A546300252}
		{458085F2-0BAB-4FAC-A528-AF2EA8D3524A} = {08A04DB9-F29E-4252-AE8B-01A546300252}
		{E8B83CEB-CAC7-455C-9CD4-00C20616708C} = {08A04DB9-F29E-4252-AE8B-01A546300252}
	EndGlobalSection
	GlobalSection(ExtensibilityGlobals) = postSolution
		SolutionGuid = {3423FFD5-E0AC-4F3C-8D83-61F8BC54CFA9}
	EndGlobalSection
EndGlobal
